
Microsoft Visual Studio Solution File, Format Version 12.00
# Visual Studio 2013
VisualStudioVersion = 12.0.40629.0
MinimumVisualStudioVersion = 10.0.40219.1
Project("{F2A71F9B-5D33-465A-A702-920D77279786}") = "Charts", "Charts\Charts.fsproj", "{178A03F4-098E-438C-9A76-485B685E8602}"
EndProject
Project("{FAE04EC0-301F-11D3-BF4B-00C04F79EFBC}") = "WebApp", "WebApp\WebApp.csproj", "{8EADD9EF-87F1-49DE-A9BD-A1F7D4CA7C9C}"
EndProject
Global
	GlobalSection(SolutionConfigurationPlatforms) = preSolution
		Debug|Any CPU = Debug|Any CPU
		Release|Any CPU = Release|Any CPU
	EndGlobalSection
	GlobalSection(ProjectConfigurationPlatforms) = postSolution
		{178A03F4-098E-438C-9A76-485B685E8602}.Debug|Any CPU.ActiveCfg = Debug|Any CPU
		{178A03F4-098E-438C-9A76-485B685E8602}.Debug|Any CPU.Build.0 = Debug|Any CPU
		{178A03F4-098E-438C-9A76-485B685E8602}.Release|Any CPU.ActiveCfg = Release|Any CPU
		{178A03F4-098E-438C-9A76-485B685E8602}.Release|Any CPU.Build.0 = Release|Any CPU
		{8EADD9EF-87F1-49DE-A9BD-A1F7D4CA7C9C}.Debug|Any CPU.ActiveCfg = Debug|Any CPU
		{8EADD9EF-87F1-49DE-A9BD-A1F7D4CA7C9C}.Debug|Any CPU.Build.0 = Debug|Any CPU
		{8EADD9EF-87F1-49DE-A9BD-A1F7D4CA7C9C}.Release|Any CPU.ActiveCfg = Release|Any CPU
		{8EADD9EF-87F1-49DE-A9BD-A1F7D4CA7C9C}.Release|Any CPU.Build.0 = Release|Any CPU
	EndGlobalSection
	GlobalSection(SolutionProperties) = preSolution
		HideSolutionNode = FALSE
	EndGlobalSection
EndGlobal
